
Microsoft Visual Studio Solution File, Format Version 12.00
# Visual Studio Version 16
VisualStudioVersion = 16.0.29613.14
MinimumVisualStudioVersion = 10.0.40219.1
Project("{FAE04EC0-301F-11D3-BF4B-00C04F79EFBC}") = "JobPortal", "JobPortal.csproj", "{71BA943D-F8E1-45A8-8724-1AD37FD33E6C}"
EndProject
Project("{FAE04EC0-301F-11D3-BF4B-00C04F79EFBC}") = "JobPortal_Data", "..\JobPortal_Data\JobPortal_Data.csproj", "{419739EA-6CEC-496C-A0F3-7F859B78552F}"
EndProject
Project("{FAE04EC0-301F-11D3-BF4B-00C04F79EFBC}") = "JobPortal_Repository", "..\JobPortal_Repository\JobPortal_Repository.csproj", "{B5BA7417-D419-40BE-8B66-8F280C5F45FB}"
EndProject
Global
	GlobalSection(SolutionConfigurationPlatforms) = preSolution
		Debug|Any CPU = Debug|Any CPU
		Release|Any CPU = Release|Any CPU
	EndGlobalSection
	GlobalSection(ProjectConfigurationPlatforms) = postSolution
		{71BA943D-F8E1-45A8-8724-1AD37FD33E6C}.Debug|Any CPU.ActiveCfg = Debug|Any CPU
		{71BA943D-F8E1-45A8-8724-1AD37FD33E6C}.Debug|Any CPU.Build.0 = Debug|Any CPU
		{71BA943D-F8E1-45A8-8724-1AD37FD33E6C}.Release|Any CPU.ActiveCfg = Release|Any CPU
		{71BA943D-F8E1-45A8-8724-1AD37FD33E6C}.Release|Any CPU.Build.0 = Release|Any CPU
		{419739EA-6CEC-496C-A0F3-7F859B78552F}.Debug|Any CPU.ActiveCfg = Debug|Any CPU
		{419739EA-6CEC-496C-A0F3-7F859B78552F}.Debug|Any CPU.Build.0 = Debug|Any CPU
		{419739EA-6CEC-496C-A0F3-7F859B78552F}.Release|Any CPU.ActiveCfg = Release|Any CPU
		{419739EA-6CEC-496C-A0F3-7F859B78552F}.Release|Any CPU.Build.0 = Release|Any CPU
		{B5BA7417-D419-40BE-8B66-8F280C5F45FB}.Debug|Any CPU.ActiveCfg = Debug|Any CPU
		{B5BA7417-D419-40BE-8B66-8F280C5F45FB}.Debug|Any CPU.Build.0 = Debug|Any CPU
		{B5BA7417-D419-40BE-8B66-8F280C5F45FB}.Release|Any CPU.ActiveCfg = Release|Any CPU
		{B5BA7417-D419-40BE-8B66-8F280C5F45FB}.Release|Any CPU.Build.0 = Release|Any CPU
	EndGlobalSection
	GlobalSection(SolutionProperties) = preSolution
		HideSolutionNode = FALSE
	EndGlobalSection
	GlobalSection(ExtensibilityGlobals) = postSolution
		SolutionGuid = {968E582E-F82E-47F2-8453-27AF7F6404C2}
	EndGlobalSection
EndGlobal
